
Microsoft Visual Studio Solution File, Format Version 12.00
# Visual Studio 15
VisualStudioVersion = 15.0.26730.16
MinimumVisualStudioVersion = 10.0.40219.1
Project("{FAE04EC0-301F-11D3-BF4B-00C04F79EFBC}") = "ORM", "ORM\ORM.csproj", "{B760A929-FDEE-46F0-B0C2-2C5F99011D0D}"
EndProject
Project("{FAE04EC0-301F-11D3-BF4B-00C04F79EFBC}") = "Injector.WebAPI", "Injector.WebAPI\Injector.WebAPI.csproj", "{3C8C4E33-D975-4D76-AFB7-8872F6ED59C7}"
EndProject
Global
	GlobalSection(SolutionConfigurationPlatforms) = preSolution
		Debug|Any CPU = Debug|Any CPU
		Release|Any CPU = Release|Any CPU
	EndGlobalSection
	GlobalSection(ProjectConfigurationPlatforms) = postSolution
		{B760A929-FDEE-46F0-B0C2-2C5F99011D0D}.Debug|Any CPU.ActiveCfg = Debug|Any CPU
		{B760A929-FDEE-46F0-B0C2-2C5F99011D0D}.Debug|Any CPU.Build.0 = Debug|Any CPU
		{B760A929-FDEE-46F0-B0C2-2C5F99011D0D}.Release|Any CPU.ActiveCfg = Release|Any CPU
		{B760A929-FDEE-46F0-B0C2-2C5F99011D0D}.Release|Any CPU.Build.0 = Release|Any CPU
		{3C8C4E33-D975-4D76-AFB7-8872F6ED59C7}.Debug|Any CPU.ActiveCfg = Debug|Any CPU
		{3C8C4E33-D975-4D76-AFB7-8872F6ED59C7}.Debug|Any CPU.Build.0 = Debug|Any CPU
		{3C8C4E33-D975-4D76-AFB7-8872F6ED59C7}.Release|Any CPU.ActiveCfg = Release|Any CPU
		{3C8C4E33-D975-4D76-AFB7-8872F6ED59C7}.Release|Any CPU.Build.0 = Release|Any CPU
	EndGlobalSection
	GlobalSection(SolutionProperties) = preSolution
		HideSolutionNode = FALSE
	EndGlobalSection
	GlobalSection(ExtensibilityGlobals) = postSolution
		SolutionGuid = {D5F3296A-1415-4C8A-9049-263C0D666045}
	EndGlobalSection
EndGlobal
